
Microsoft Visual Studio Solution File, Format Version 12.00
# Visual Studio Version 16
VisualStudioVersion = 16.0.30114.105
MinimumVisualStudioVersion = 10.0.40219.1
Project("{FAE04EC0-301F-11D3-BF4B-00C04F79EFBC}") = "API", "API\API.csproj", "{B2A11F7E-0309-4159-9A41-03513458B641}"
EndProject
Project("{FAE04EC0-301F-11D3-BF4B-00C04F79EFBC}") = "Application", "Application\Application.csproj", "{3456DDEA-C254-4DE9-BA35-A3FDC1C97FB1}"
EndProject
Project("{FAE04EC0-301F-11D3-BF4B-00C04F79EFBC}") = "Persistence", "Persistence\Persistence.csproj", "{5C8B075D-3B0C-4D58-B54D-4490CAF0E716}"
EndProject
Project("{FAE04EC0-301F-11D3-BF4B-00C04F79EFBC}") = "Domain", "Domain\Domain.csproj", "{D6095D90-58C9-4E49-9E53-8DB32830180F}"
EndProject
Global
	GlobalSection(SolutionConfigurationPlatforms) = preSolution
		Debug|Any CPU = Debug|Any CPU
		Debug|x64 = Debug|x64
		Debug|x86 = Debug|x86
		Release|Any CPU = Release|Any CPU
		Release|x64 = Release|x64
		Release|x86 = Release|x86
	EndGlobalSection
	GlobalSection(SolutionProperties) = preSolution
		HideSolutionNode = FALSE
	EndGlobalSection
	GlobalSection(ProjectConfigurationPlatforms) = postSolution
		{B2A11F7E-0309-4159-9A41-03513458B641}.Debug|Any CPU.ActiveCfg = Debug|Any CPU
		{B2A11F7E-0309-4159-9A41-03513458B641}.Debug|Any CPU.Build.0 = Debug|Any CPU
		{B2A11F7E-0309-4159-9A41-03513458B641}.Debug|x64.ActiveCfg = Debug|Any CPU
		{B2A11F7E-0309-4159-9A41-03513458B641}.Debug|x64.Build.0 = Debug|Any CPU
		{B2A11F7E-0309-4159-9A41-03513458B641}.Debug|x86.ActiveCfg = Debug|Any CPU
		{B2A11F7E-0309-4159-9A41-03513458B641}.Debug|x86.Build.0 = Debug|Any CPU
		{B2A11F7E-0309-4159-9A41-03513458B641}.Release|Any CPU.ActiveCfg = Release|Any CPU
		{B2A11F7E-0309-4159-9A41-03513458B641}.Release|Any CPU.Build.0 = Release|Any CPU
		{B2A11F7E-0309-4159-9A41-03513458B641}.Release|x64.ActiveCfg = Release|Any CPU
		{B2A11F7E-0309-4159-9A41-03513458B641}.Release|x64.Build.0 = Release|Any CPU
		{B2A11F7E-0309-4159-9A41-03513458B641}.Release|x86.ActiveCfg = Release|Any CPU
		{B2A11F7E-0309-4159-9A41-03513458B641}.Release|x86.Build.0 = Release|Any CPU
		{3456DDEA-C254-4DE9-BA35-A3FDC1C97FB1}.Debug|Any CPU.ActiveCfg = Debug|Any CPU
		{3456DDEA-C254-4DE9-BA35-A3FDC1C97FB1}.Debug|Any CPU.Build.0 = Debug|Any CPU
		{3456DDEA-C254-4DE9-BA35-A3FDC1C97FB1}.Debug|x64.ActiveCfg = Debug|Any CPU
		{3456DDEA-C254-4DE9-BA35-A3FDC1C97FB1}.Debug|x64.Build.0 = Debug|Any CPU
		{3456DDEA-C254-4DE9-BA35-A3FDC1C97FB1}.Debug|x86.ActiveCfg = Debug|Any CPU
		{3456DDEA-C254-4DE9-BA35-A3FDC1C97FB1}.Debug|x86.Build.0 = Debug|Any CPU
		{3456DDEA-C254-4DE9-BA35-A3FDC1C97FB1}.Release|Any CPU.ActiveCfg = Release|Any CPU
		{3456DDEA-C254-4DE9-BA35-A3FDC1C97FB1}.Release|Any CPU.Build.0 = Release|Any CPU
		{3456DDEA-C254-4DE9-BA35-A3FDC1C97FB1}.Release|x64.ActiveCfg = Release|Any CPU
		{3456DDEA-C254-4DE9-BA35-A3FDC1C97FB1}.Release|x64.Build.0 = Release|Any CPU
		{3456DDEA-C254-4DE9-BA35-A3FDC1C97FB1}.Release|x86.ActiveCfg = Release|Any CPU
		{3456DDEA-C254-4DE9-BA35-A3FDC1C97FB1}.Release|x86.Build.0 = Release|Any CPU
		{5C8B075D-3B0C-4D58-B54D-4490CAF0E716}.Debug|Any CPU.ActiveCfg = Debug|Any CPU
		{5C8B075D-3B0C-4D58-B54D-4490CAF0E716}.Debug|Any CPU.Build.0 = Debug|Any CPU
		{5C8B075D-3B0C-4D58-B54D-4490CAF0E716}.Debug|x64.ActiveCfg = Debug|Any CPU
		{5C8B075D-3B0C-4D58-B54D-4490CAF0E716}.Debug|x64.Build.0 = Debug|Any CPU
		{5C8B075D-3B0C-4D58-B54D-4490CAF0E716}.Debug|x86.ActiveCfg = Debug|Any CPU
		{5C8B075D-3B0C-4D58-B54D-4490CAF0E716}.Debug|x86.Build.0 = Debug|Any CPU
		{5C8B075D-3B0C-4D58-B54D-4490CAF0E716}.Release|Any CPU.ActiveCfg = Release|Any CPU
		{5C8B075D-3B0C-4D58-B54D-4490CAF0E716}.Release|Any CPU.Build.0 = Release|Any CPU
		{5C8B075D-3B0C-4D58-B54D-4490CAF0E716}.Release|x64.ActiveCfg = Release|Any CPU
		{5C8B075D-3B0C-4D58-B54D-4490CAF0E716}.Release|x64.Build.0 = Release|Any CPU
		{5C8B075D-3B0C-4D58-B54D-4490CAF0E716}.Release|x86.ActiveCfg = Release|Any CPU
		{5C8B075D-3B0C-4D58-B54D-4490CAF0E716}.Release|x86.Build.0 = Release|Any CPU
		{D6095D90-58C9-4E49-9E53-8DB32830180F}.Debug|Any CPU.ActiveCfg = Debug|Any CPU
		{D6095D90-58C9-4E49-9E53-8DB32830180F}.Debug|Any CPU.Build.0 = Debug|Any CPU
		{D6095D90-58C9-4E49-9E53-8DB32830180F}.Debug|x64.ActiveCfg = Debug|Any CPU
		{D6095D90-58C9-4E49-9E53-8DB32830180F}.Debug|x64.Build.0 = Debug|Any CPU
		{D6095D90-58C9-4E49-9E53-8DB32830180F}.Debug|x86.ActiveCfg = Debug|Any CPU
		{D6095D90-58C9-4E49-9E53-8DB32830180F}.Debug|x86.Build.0 = Debug|Any CPU
		{D6095D90-58C9-4E49-9E53-8DB32830180F}.Release|Any CPU.ActiveCfg = Release|Any CPU
		{D6095D90-58C9-4E49-9E53-8DB32830180F}.Release|Any CPU.Build.0 = Release|Any CPU
		{D6095D90-58C9-4E49-9E53-8DB32830180F}.Release|x64.ActiveCfg = Release|Any CPU
		{D6095D90-58C9-4E49-9E53-8DB32830180F}.Release|x64.Build.0 = Release|Any CPU
		{D6095D90-58C9-4E49-9E53-8DB32830180F}.Release|x86.ActiveCfg = Release|Any CPU
		{D6095D90-58C9-4E49-9E53-8DB32830180F}.Release|x86.Build.0 = Release|Any CPU
	EndGlobalSection
EndGlobal
